// !$*UTF8*$!
{
	archiveVersion = 1;
	classes = {
	};
	objectVersion = 46;
	objects = {

/* Begin PBXBuildFile section */
		1594B31B1B28860E006CD3A5 /* Server.m in Sources */ = {isa = PBXBuildFile; fileRef = 1594B31A1B28860E006CD3A5 /* Server.m */; };
		1594B31E1B2887FD006CD3A5 /* FriendPoint.m in Sources */ = {isa = PBXBuildFile; fileRef = 1594B31D1B2887FD006CD3A5 /* FriendPoint.m */; };
/* End PBXBuildFile section */

/* Begin PBXCopyFilesBuildPhase section */
		1594B3051B288590006CD3A5 /* CopyFiles */ = {
			isa = PBXCopyFilesBuildPhase;
			buildActionMask = 2147483647;
			dstPath = /usr/share/man/man1/;
			dstSubfolderSpec = 0;
			files = (
			);
			runOnlyForDeploymentPostprocessing = 1;
		};
/* End PBXCopyFilesBuildPhase section */

/* Begin PBXFileReference section */
		1594B3071B288590006CD3A5 /* JoinMe_Server */ = {isa = PBXFileReference; explicitFileType = "compiled.mach-o.executable"; includeInIndex = 0; path = JoinMe_Server; sourceTree = BUILT_PRODUCTS_DIR; };
		1594B31A1B28860E006CD3A5 /* Server.m */ = {isa = PBXFileReference; fileEncoding = 4; lastKnownFileType = sourcecode.c.objc; path = Server.m; sourceTree = "<group>"; };
		1594B31C1B2887FD006CD3A5 /* FriendPoint.h */ = {isa = PBXFileReference; fileEncoding = 4; lastKnownFileType = sourcecode.c.h; path = FriendPoint.h; sourceTree = "<group>"; };
		1594B31D1B2887FD006CD3A5 /* FriendPoint.m */ = {isa = PBXFileReference; fileEncoding = 4; lastKnownFileType = sourcecode.c.objc; path = FriendPoint.m; sourceTree = "<group>"; };
/* End PBXFileReference section */

/* Begin PBXFrameworksBuildPhase section */
		1594B3041B288590006CD3A5 /* Frameworks */ = {
			isa = PBXFrameworksBuildPhase;
			buildActionMask = 2147483647;
			files = (
			);
			runOnlyForDeploymentPostprocessing = 0;
		};
/* End PBXFrameworksBuildPhase section */

/* Begin PBXGroup section */
		1594B2FE1B288590006CD3A5 = {
			isa = PBXGroup;
			children = (
				1594B3091B288590006CD3A5 /* JoinMe_Server */,
				1594B3081B288590006CD3A5 /* Products */,
			);
			sourceTree = "<group>";
		};
		1594B3081B288590006CD3A5 /* Products */ = {
			isa = PBXGroup;
			children = (
				1594B3071B288590006CD3A5 /* JoinMe_Server */,
			);
			name = Products;
			sourceTree = "<group>";
		};
		1594B3091B288590006CD3A5 /* JoinMe_Server */ = {
			isa = PBXGroup;
			children = (
				1594B31A1B28860E006CD3A5 /* Server.m */,
				1594B31C1B2887FD006CD3A5 /* FriendPoint.h */,
				1594B31D1B2887FD006CD3A5 /* FriendPoint.m */,
			);
			path = JoinMe_Server;
			sourceTree = "<group>";
		};
/* End PBXGroup section */

/* Begin PBXNativeTarget section */
		1594B3061B288590006CD3A5 /* JoinMe_Server */ = {
			isa = PBXNativeTarget;
			buildConfigurationList = 1594B30E1B288590006CD3A5 /* Build configuration list for PBXNativeTarget "JoinMe_Server" */;
			buildPhases = (
				1594B3031B288590006CD3A5 /* Sources */,
				1594B3041B288590006CD3A5 /* Frameworks */,
				1594B3051B288590006CD3A5 /* CopyFiles */,
			);
			buildRules = (
			);
			dependencies = (
			);
			name = JoinMe_Server;
			productName = JoinMe_Server;
			productReference = 1594B3071B288590006CD3A5 /* JoinMe_Server */;
			productType = "com.apple.product-type.tool";
		};
/* End PBXNativeTarget section */

/* Begin PBXProject section */
		1594B2FF1B288590006CD3A5 /* Project object */ = {
			isa = PBXProject;
			attributes = {
				LastUpgradeCheck = 0630;
				ORGANIZATIONNAME = "Lee Joe";
				TargetAttributes = {
					1594B3061B288590006CD3A5 = {
						CreatedOnToolsVersion = 6.3.1;
					};
				};
			};
			buildConfigurationList = 1594B3021B288590006CD3A5 /* Build configuration list for PBXProject "JoinMe_Server" */;
			compatibilityVersion = "Xcode 3.2";
			developmentRegion = English;
			hasScannedForEncodings = 0;
			knownRegions = (
				en,
			);
			mainGroup = 1594B2FE1B288590006CD3A5;
			productRefGroup = 1594B3081B288590006CD3A5 /* Products */;
			projectDirPath = "";
			projectRoot = "";
			targets = (
				1594B3061B288590006CD3A5 /* JoinMe_Server */,
			);
		};
/* End PBXProject section */

/* Begin PBXSourcesBuildPhase section */
		1594B3031B288590006CD3A5 /* Sources */ = {
			isa = PBXSourcesBuildPhase;
			buildActionMask = 2147483647;
			files = (
				1594B31E1B2887FD006CD3A5 /* FriendPoint.m in Sources */,
				1594B31B1B28860E006CD3A5 /* Server.m in Sources */,
			);
			runOnlyForDeploymentPostprocessing = 0;
		};
/* End PBXSourcesBuildPhase section */

/* Begin XCBuildConfiguration section */
		1594B30C1B288590006CD3A5 /* Debug */ = {
			isa = XCBuildConfiguration;
			buildSettings = {
				ALWAYS_SEARCH_USER_PATHS = NO;
				CLANG_CXX_LANGUAGE_STANDARD = "gnu++0x";
				CLANG_CXX_LIBRARY = "libc++";
				CLANG_ENABLE_MODULES = YES;
				CLANG_ENABLE_OBJC_ARC = YES;
				CLANG_WARN_BOOL_CONVERSION = YES;
				CLANG_WARN_CONSTANT_CONVERSION = YES;
				CLANG_WARN_DIRECT_OBJC_ISA_USAGE = YES_ERROR;
				CLANG_WARN_EMPTY_BODY = YES;
				CLANG_WARN_ENUM_CONVERSION = YES;
				CLANG_WARN_INT_CONVERSION = YES;
				CLANG_WARN_OBJC_ROOT_CLASS = YES_ERROR;
				CLANG_WARN_UNREACHABLE_CODE = YES;
				CLANG_WARN__DUPLICATE_METHOD_MATCH = YES;
				COPY_PHASE_STRIP = NO;
				DEBUG_INFORMATION_FORMAT = dwarf;
				ENABLE_STRICT_OBJC_MSGSEND = YES;
				GCC_C_LANGUAGE_STANDARD = gnu99;
				GCC_DYNAMIC_NO_PIC = NO;
				GCC_NO_COMMON_BLOCKS = YES;
				GCC_OPTIMIZATION_LEVEL = 0;
				GCC_PREPROCESSOR_DEFINITIONS = (
					"DEBUG=1",
					"$(inherited)",
				);
				GCC_SYMBOLS_PRIVATE_EXTERN = NO;
				GCC_WARN_64_TO_32_BIT_CONVERSION = YES;
				GCC_WARN_ABOUT_RETURN_TYPE = YES_ERROR;
				GCC_WARN_UNDECLARED_SELECTOR = YES;
				GCC_WARN_UNINITIALIZED_AUTOS = YES_AGGRESSIVE;
				GCC_WARN_UNUSED_FUNCTION = YES;
				GCC_WARN_UNUSED_VARIABLE = YES;
				MACOSX_DEPLOYMENT_TARGET = 10.10;
				MTL_ENABLE_DEBUG_INFO = YES;
				ONLY_ACTIVE_ARCH = YES;
				SDKROOT = macosx;
			};
			name = Debug;
		};
		1594B30D1B288590006CD3A5 /* Release */ = {
			isa = XCBuildConfiguration;
			buildSettings = {
				ALWAYS_SEARCH_USER_PATHS = NO;
				CLANG_CXX_LANGUAGE_STANDARD = "gnu++0x";
				CLANG_CXX_LIBRARY = "libc++";
				CLANG_ENABLE_MODULES = YES;
				CLANG_ENABLE_OBJC_ARC = YES;
				CLANG_WARN_BOOL_CONVERSION = YES;
				CLANG_WARN_CONSTANT_CONVERSION = YES;
				CLANG_WARN_DIRECT_OBJC_ISA_USAGE = YES_ERROR;
				CLANG_WARN_EMPTY_BODY = YES;
				CLANG_WARN_ENUM_CONVERSION = YES;
				CLANG_WARN_INT_CONVERSION = YES;
				CLANG_WARN_OBJC_ROOT_CLASS = YES_ERROR;
				CLANG_WARN_UNREACHABLE_CODE = YES;
				CLANG_WARN__DUPLICATE_METHOD_MATCH = YES;
				COPY_PHASE_STRIP = NO;
				DEBUG_INFORMATION_FORMAT = "dwarf-with-dsym";
				ENABLE_NS_ASSERTIONS = NO;
				ENABLE_STRICT_OBJC_MSGSEND = YES;
				GCC_C_LANGUAGE_STANDARD = gnu99;
				GCC_NO_COMMON_BLOCKS = YES;
				GCC_WARN_64_TO_32_BIT_CONVERSION = YES;
				GCC_WARN_ABOUT_RETURN_TYPE = YES_ERROR;
				GCC_WARN_UNDECLARED_SELECTOR = YES;
				GCC_WARN_UNINITIALIZED_AUTOS = YES_AGGRESSIVE;
				GCC_WARN_UNUSED_FUNCTION = YES;
				GCC_WARN_UNUSED_VARIABLE = YES;
				MACOSX_DEPLOYMENT_TARGET = 10.10;
				MTL_ENABLE_DEBUG_INFO = NO;
				SDKROOT = macosx;
			};
			name = Release;
		};
		1594B30F1B288590006CD3A5 /* Debug */ = {
			isa = XCBuildConfiguration;
			buildSettings = {
				PRODUCT_NAME = "$(TARGET_NAME)";
			};
			name = Debug;
		};
		1594B3101B288590006CD3A5 /* Release */ = {
			isa = XCBuildConfiguration;
			buildSettings = {
				PRODUCT_NAME = "$(TARGET_NAME)";
			};
			name = Release;
		};
/* End XCBuildConfiguration section */

/* Begin XCConfigurationList section */
		1594B3021B288590006CD3A5 /* Build configuration list for PBXProject "JoinMe_Server" */ = {
			isa = XCConfigurationList;
			buildConfigurations = (
				1594B30C1B288590006CD3A5 /* Debug */,
				1594B30D1B288590006CD3A5 /* Release */,
			);
			defaultConfigurationIsVisible = 0;
			defaultConfigurationName = Release;
		};
		1594B30E1B288590006CD3A5 /* Build configuration list for PBXNativeTarget "JoinMe_Server" */ = {
			isa = XCConfigurationList;
			buildConfigurations = (
				1594B30F1B288590006CD3A5 /* Debug */,
				1594B3101B288590006CD3A5 /* Release */,
			);
			defaultConfigurationIsVisible = 0;
			defaultConfigurationName = Release;
		};
/* End XCConfigurationList section */
	};
	rootObject = 1594B2FF1B288590006CD3A5 /* Project object */;
}
